
Microsoft Visual Studio Solution File, Format Version 12.00
# Visual Studio Version 17
VisualStudioVersion = 17.3.32929.385
MinimumVisualStudioVersion = 10.0.40219.1
Project("{9A19103F-16F7-4668-BE54-9A1E7A4F7556}") = "DevFreela.API", "DevFreela.API\DevFreela.API.csproj", "{399C26A3-7E06-4EF9-A513-3745077696E6}"
	ProjectSection(ProjectDependencies) = postProject
		{BC634558-D604-4073-814F-2A0ABA410C11} = {BC634558-D604-4073-814F-2A0ABA410C11}
	EndProjectSection
EndProject
Project("{9A19103F-16F7-4668-BE54-9A1E7A4F7556}") = "DevFreela.Core", "DevFreela.Core\DevFreela.Core.csproj", "{BC634558-D604-4073-814F-2A0ABA410C11}"
EndProject
Project("{9A19103F-16F7-4668-BE54-9A1E7A4F7556}") = "DevFreela.Infrastructure", "DevFreela.Infrastructure\DevFreela.Infrastructure.csproj", "{2EAB690C-CB1A-411A-B360-29AA7E554BF9}"
EndProject
Project("{9A19103F-16F7-4668-BE54-9A1E7A4F7556}") = "DevFreela.Application", "DevFreela.Application\DevFreela.Application.csproj", "{5B1ACE59-0742-4FE2-8A44-D6440E6058B9}"
EndProject
Project("{9A19103F-16F7-4668-BE54-9A1E7A4F7556}") = "DevFreela.UnitTests", "DevFreela.UnitTests\DevFreela.UnitTests.csproj", "{C4BD0FB7-9C4A-4F63-B805-82465CF3CF0D}"
EndProject
Project("{FAE04EC0-301F-11D3-BF4B-00C04F79EFBC}") = "DevFreela.Payments.API", "DevFreela.Payments.API\DevFreela.Payments.API.csproj", "{FD859846-02B2-4E88-AAA3-B258594E4F17}"
EndProject
Global
	GlobalSection(SolutionConfigurationPlatforms) = preSolution
		Debug|Any CPU = Debug|Any CPU
		Release|Any CPU = Release|Any CPU
	EndGlobalSection
	GlobalSection(ProjectConfigurationPlatforms) = postSolution
		{399C26A3-7E06-4EF9-A513-3745077696E6}.Debug|Any CPU.ActiveCfg = Debug|Any CPU
		{399C26A3-7E06-4EF9-A513-3745077696E6}.Debug|Any CPU.Build.0 = Debug|Any CPU
		{399C26A3-7E06-4EF9-A513-3745077696E6}.Release|Any CPU.ActiveCfg = Release|Any CPU
		{399C26A3-7E06-4EF9-A513-3745077696E6}.Release|Any CPU.Build.0 = Release|Any CPU
		{BC634558-D604-4073-814F-2A0ABA410C11}.Debug|Any CPU.ActiveCfg = Debug|Any CPU
		{BC634558-D604-4073-814F-2A0ABA410C11}.Debug|Any CPU.Build.0 = Debug|Any CPU
		{BC634558-D604-4073-814F-2A0ABA410C11}.Release|Any CPU.ActiveCfg = Release|Any CPU
		{BC634558-D604-4073-814F-2A0ABA410C11}.Release|Any CPU.Build.0 = Release|Any CPU
		{2EAB690C-CB1A-411A-B360-29AA7E554BF9}.Debug|Any CPU.ActiveCfg = Debug|Any CPU
		{2EAB690C-CB1A-411A-B360-29AA7E554BF9}.Debug|Any CPU.Build.0 = Debug|Any CPU
		{2EAB690C-CB1A-411A-B360-29AA7E554BF9}.Release|Any CPU.ActiveCfg = Release|Any CPU
		{2EAB690C-CB1A-411A-B360-29AA7E554BF9}.Release|Any CPU.Build.0 = Release|Any CPU
		{5B1ACE59-0742-4FE2-8A44-D6440E6058B9}.Debug|Any CPU.ActiveCfg = Debug|Any CPU
		{5B1ACE59-0742-4FE2-8A44-D6440E6058B9}.Debug|Any CPU.Build.0 = Debug|Any CPU
		{5B1ACE59-0742-4FE2-8A44-D6440E6058B9}.Release|Any CPU.ActiveCfg = Release|Any CPU
		{5B1ACE59-0742-4FE2-8A44-D6440E6058B9}.Release|Any CPU.Build.0 = Release|Any CPU
		{C4BD0FB7-9C4A-4F63-B805-82465CF3CF0D}.Debug|Any CPU.ActiveCfg = Debug|Any CPU
		{C4BD0FB7-9C4A-4F63-B805-82465CF3CF0D}.Debug|Any CPU.Build.0 = Debug|Any CPU
		{C4BD0FB7-9C4A-4F63-B805-82465CF3CF0D}.Release|Any CPU.ActiveCfg = Release|Any CPU
		{C4BD0FB7-9C4A-4F63-B805-82465CF3CF0D}.Release|Any CPU.Build.0 = Release|Any CPU
		{FD859846-02B2-4E88-AAA3-B258594E4F17}.Debug|Any CPU.ActiveCfg = Debug|Any CPU
		{FD859846-02B2-4E88-AAA3-B258594E4F17}.Debug|Any CPU.Build.0 = Debug|Any CPU
		{FD859846-02B2-4E88-AAA3-B258594E4F17}.Release|Any CPU.ActiveCfg = Release|Any CPU
		{FD859846-02B2-4E88-AAA3-B258594E4F17}.Release|Any CPU.Build.0 = Release|Any CPU
	EndGlobalSection
	GlobalSection(SolutionProperties) = preSolution
		HideSolutionNode = FALSE
	EndGlobalSection
	GlobalSection(ExtensibilityGlobals) = postSolution
		SolutionGuid = {2E42CDC2-E8F1-469A-A1FD-037468F0CA42}
	EndGlobalSection
EndGlobal
