
Microsoft Visual Studio Solution File, Format Version 12.00
# Visual Studio Version 16
VisualStudioVersion = 16.0.32630.194
MinimumVisualStudioVersion = 10.0.40219.1
Project("{9A19103F-16F7-4668-BE54-9A1E7A4F7556}") = "DevFreela.API", "DevFreela.API\DevFreela.API.csproj", "{399C26A3-7E06-4EF9-A513-3745077696E6}"
EndProject
Project("{FAE04EC0-301F-11D3-BF4B-00C04F79EFBC}") = "DevFreela.Core", "DevFreela.Core\DevFreela.Core.csproj", "{BC634558-D604-4073-814F-2A0ABA410C11}"
EndProject
Global
	GlobalSection(SolutionConfigurationPlatforms) = preSolution
		Debug|Any CPU = Debug|Any CPU
		Release|Any CPU = Release|Any CPU
	EndGlobalSection
	GlobalSection(ProjectConfigurationPlatforms) = postSolution
		{399C26A3-7E06-4EF9-A513-3745077696E6}.Debug|Any CPU.ActiveCfg = Debug|Any CPU
		{399C26A3-7E06-4EF9-A513-3745077696E6}.Debug|Any CPU.Build.0 = Debug|Any CPU
		{399C26A3-7E06-4EF9-A513-3745077696E6}.Release|Any CPU.ActiveCfg = Release|Any CPU
		{399C26A3-7E06-4EF9-A513-3745077696E6}.Release|Any CPU.Build.0 = Release|Any CPU
		{BC634558-D604-4073-814F-2A0ABA410C11}.Debug|Any CPU.ActiveCfg = Debug|Any CPU
		{BC634558-D604-4073-814F-2A0ABA410C11}.Debug|Any CPU.Build.0 = Debug|Any CPU
		{BC634558-D604-4073-814F-2A0ABA410C11}.Release|Any CPU.ActiveCfg = Release|Any CPU
		{BC634558-D604-4073-814F-2A0ABA410C11}.Release|Any CPU.Build.0 = Release|Any CPU
	EndGlobalSection
	GlobalSection(SolutionProperties) = preSolution
		HideSolutionNode = FALSE
	EndGlobalSection
	GlobalSection(ExtensibilityGlobals) = postSolution
		SolutionGuid = {2E42CDC2-E8F1-469A-A1FD-037468F0CA42}
	EndGlobalSection
EndGlobal
